
Microsoft Visual Studio Solution File, Format Version 12.00
# Visual Studio Version 17
VisualStudioVersion = 17.5.33103.201
MinimumVisualStudioVersion = 10.0.40219.1
Project("{9A19103F-16F7-4668-BE54-9A1E7A4F7556}") = "MediaFinder", "MediaFinder\MediaFinder.csproj", "{5DE76ED2-C96F-4D5B-85FF-5BC9850C11AF}"
EndProject
Project("{9A19103F-16F7-4668-BE54-9A1E7A4F7556}") = "MediaFinder.Tests", "MediaFinder.Tests\MediaFinder.Tests.csproj", "{75C75A76-E608-41BB-AEC2-80A1C95B7B62}"
EndProject
Project("{2150E333-8FDC-42A3-9474-1A3956D46DE8}") = "Solution Items", "Solution Items", "{50AAD861-2EF1-4EAB-80EB-20FECB15232C}"
	ProjectSection(SolutionItems) = preProject
		.editorconfig = .editorconfig
		Directory.Build.props = Directory.Build.props
		Directory.Build.targets = Directory.Build.targets
		Directory.Packages.props = Directory.Packages.props
		exclusions.dic = exclusions.dic
		NuGet.config = NuGet.config
		README.md = README.md
		Settings.XamlStyler = Settings.XamlStyler
	EndProjectSection
EndProject
Project("{9A19103F-16F7-4668-BE54-9A1E7A4F7556}") = "MediaFinder.DataAccessLayer", "MediaFinder.DataAccessLayer\MediaFinder.DataAccessLayer.csproj", "{382DA88C-EFDC-4169-ADDB-2D55BF21A026}"
EndProject
Project("{9A19103F-16F7-4668-BE54-9A1E7A4F7556}") = "MediaFinder.DiscoveryServices", "MediaFinder.DiscoveryServices\MediaFinder.DiscoveryServices.csproj", "{A8CFBA33-176D-4A9B-8C1D-BF2B13CBDFA4}"
EndProject
Project("{9A19103F-16F7-4668-BE54-9A1E7A4F7556}") = "MediaFinder.Helpers", "MediaFinder.Helpers\MediaFinder.Helpers.csproj", "{B6A8B190-FFD2-4AC6-B44D-1E0816D1BFCB}"
EndProject
Project("{9A19103F-16F7-4668-BE54-9A1E7A4F7556}") = "MediaFinder.Models", "MediaFinder.Models\MediaFinder.Models.csproj", "{02C51423-6124-47A3-9964-D0259791D895}"
EndProject
Project("{9A19103F-16F7-4668-BE54-9A1E7A4F7556}") = "MediaFinder.ExportServices", "MediaFinder.ExportServices\MediaFinder.ExportServices.csproj", "{BE2480FC-8529-4293-BC3D-E2CADBE876F5}"
EndProject
Project("{9A19103F-16F7-4668-BE54-9A1E7A4F7556}") = "MediaFinder.Controls.Wpf", "MediaFinder.Controls.Wpf\MediaFinder.Controls.Wpf.csproj", "{97B550F0-17E5-4B78-BC6B-D7F63BB77112}"
EndProject
Project("{2150E333-8FDC-42A3-9474-1A3956D46DE8}") = ".github", ".github", "{678BE08F-842C-4AF3-BFB0-7CDE8E87CB4E}"
	ProjectSection(SolutionItems) = preProject
		.github\dependabot.yml = .github\dependabot.yml
		.github\release.yml = .github\release.yml
	EndProjectSection
EndProject
Project("{2150E333-8FDC-42A3-9474-1A3956D46DE8}") = "workflows", "workflows", "{4FD6154D-1C3F-4C8C-88B8-1D6578FB635E}"
	ProjectSection(SolutionItems) = preProject
		.github\workflows\build_app.yml = .github\workflows\build_app.yml
		.github\workflows\build_artifacts.yml = .github\workflows\build_artifacts.yml
		.github\workflows\code_coverage_comment.yml = .github\workflows\code_coverage_comment.yml
		.github\workflows\generate_contributors.yml = .github\workflows\generate_contributors.yml
		.github\workflows\release.yml = .github\workflows\release.yml
		.github\workflows\git_version.yml = .github\workflows\git_version.yml
	EndProjectSection
EndProject
Global
	GlobalSection(SolutionConfigurationPlatforms) = preSolution
		Debug|Any CPU = Debug|Any CPU
		Release|Any CPU = Release|Any CPU
	EndGlobalSection
	GlobalSection(ProjectConfigurationPlatforms) = postSolution
		{5DE76ED2-C96F-4D5B-85FF-5BC9850C11AF}.Debug|Any CPU.ActiveCfg = Debug|Any CPU
		{5DE76ED2-C96F-4D5B-85FF-5BC9850C11AF}.Debug|Any CPU.Build.0 = Debug|Any CPU
		{5DE76ED2-C96F-4D5B-85FF-5BC9850C11AF}.Release|Any CPU.ActiveCfg = Release|Any CPU
		{5DE76ED2-C96F-4D5B-85FF-5BC9850C11AF}.Release|Any CPU.Build.0 = Release|Any CPU
		{75C75A76-E608-41BB-AEC2-80A1C95B7B62}.Debug|Any CPU.ActiveCfg = Debug|Any CPU
		{75C75A76-E608-41BB-AEC2-80A1C95B7B62}.Debug|Any CPU.Build.0 = Debug|Any CPU
		{75C75A76-E608-41BB-AEC2-80A1C95B7B62}.Release|Any CPU.ActiveCfg = Release|Any CPU
		{75C75A76-E608-41BB-AEC2-80A1C95B7B62}.Release|Any CPU.Build.0 = Release|Any CPU
		{382DA88C-EFDC-4169-ADDB-2D55BF21A026}.Debug|Any CPU.ActiveCfg = Debug|Any CPU
		{382DA88C-EFDC-4169-ADDB-2D55BF21A026}.Debug|Any CPU.Build.0 = Debug|Any CPU
		{382DA88C-EFDC-4169-ADDB-2D55BF21A026}.Release|Any CPU.ActiveCfg = Release|Any CPU
		{382DA88C-EFDC-4169-ADDB-2D55BF21A026}.Release|Any CPU.Build.0 = Release|Any CPU
		{A8CFBA33-176D-4A9B-8C1D-BF2B13CBDFA4}.Debug|Any CPU.ActiveCfg = Debug|Any CPU
		{A8CFBA33-176D-4A9B-8C1D-BF2B13CBDFA4}.Debug|Any CPU.Build.0 = Debug|Any CPU
		{A8CFBA33-176D-4A9B-8C1D-BF2B13CBDFA4}.Release|Any CPU.ActiveCfg = Release|Any CPU
		{A8CFBA33-176D-4A9B-8C1D-BF2B13CBDFA4}.Release|Any CPU.Build.0 = Release|Any CPU
		{B6A8B190-FFD2-4AC6-B44D-1E0816D1BFCB}.Debug|Any CPU.ActiveCfg = Debug|Any CPU
		{B6A8B190-FFD2-4AC6-B44D-1E0816D1BFCB}.Debug|Any CPU.Build.0 = Debug|Any CPU
		{B6A8B190-FFD2-4AC6-B44D-1E0816D1BFCB}.Release|Any CPU.ActiveCfg = Release|Any CPU
		{B6A8B190-FFD2-4AC6-B44D-1E0816D1BFCB}.Release|Any CPU.Build.0 = Release|Any CPU
		{02C51423-6124-47A3-9964-D0259791D895}.Debug|Any CPU.ActiveCfg = Debug|Any CPU
		{02C51423-6124-47A3-9964-D0259791D895}.Debug|Any CPU.Build.0 = Debug|Any CPU
		{02C51423-6124-47A3-9964-D0259791D895}.Release|Any CPU.ActiveCfg = Release|Any CPU
		{02C51423-6124-47A3-9964-D0259791D895}.Release|Any CPU.Build.0 = Release|Any CPU
		{BE2480FC-8529-4293-BC3D-E2CADBE876F5}.Debug|Any CPU.ActiveCfg = Debug|Any CPU
		{BE2480FC-8529-4293-BC3D-E2CADBE876F5}.Debug|Any CPU.Build.0 = Debug|Any CPU
		{BE2480FC-8529-4293-BC3D-E2CADBE876F5}.Release|Any CPU.ActiveCfg = Release|Any CPU
		{BE2480FC-8529-4293-BC3D-E2CADBE876F5}.Release|Any CPU.Build.0 = Release|Any CPU
		{97B550F0-17E5-4B78-BC6B-D7F63BB77112}.Debug|Any CPU.ActiveCfg = Debug|Any CPU
		{97B550F0-17E5-4B78-BC6B-D7F63BB77112}.Debug|Any CPU.Build.0 = Debug|Any CPU
		{97B550F0-17E5-4B78-BC6B-D7F63BB77112}.Release|Any CPU.ActiveCfg = Release|Any CPU
		{97B550F0-17E5-4B78-BC6B-D7F63BB77112}.Release|Any CPU.Build.0 = Release|Any CPU
	EndGlobalSection
	GlobalSection(SolutionProperties) = preSolution
		HideSolutionNode = FALSE
	EndGlobalSection
	GlobalSection(NestedProjects) = preSolution
		{678BE08F-842C-4AF3-BFB0-7CDE8E87CB4E} = {50AAD861-2EF1-4EAB-80EB-20FECB15232C}
		{4FD6154D-1C3F-4C8C-88B8-1D6578FB635E} = {678BE08F-842C-4AF3-BFB0-7CDE8E87CB4E}
	EndGlobalSection
	GlobalSection(ExtensibilityGlobals) = postSolution
		SolutionGuid = {490F259C-CD1B-446C-A893-CD94D4954AE9}
	EndGlobalSection
EndGlobal
